{"1.1.0",
[{<<"elli">>,{pkg,<<"elli">>,<<"3.2.0">>},0},
 {<<"gleam_http">>,
  {git,"https://github.com/gleam-lang/http",
       {ref,"823e178a280c00aac6694c1a7c9edefb56657648"}},
  0},
 {<<"gleam_otp">>,
  {git,"https://github.com/gleam-lang/otp",
       {ref,"547d0f2c810bc25f02c16c25c2309f8a195bc739"}},
  0},
 {<<"gleam_stdlib">>,{pkg,<<"gleam_stdlib">>,<<"0.10.1">>},0}]}.
[
{pkg_hash,[
 {<<"elli">>, <<"7842861819869EBBFF7230BC77ECF2DF551AE3EAEF5FDE6B01A7561CACCB811E">>},
 {<<"gleam_stdlib">>, <<"F123F33E03B5CDF5E19FC179B9EE81269DEB93F7DEFADB17EF2930E4DB9011E7">>}]}
].
